// !$*UTF8*$!
{
	archiveVersion = 1;
	classes = {
	};
	objectVersion = 56;
	objects = {

/* Begin PBXBuildFile section */
		BEDA755E2BBE1A6700929865 /* DateAppApp.swift in Sources */ = {isa = PBXBuildFile; fileRef = BEDA755D2BBE1A6700929865 /* DateAppApp.swift */; };
		BEDA75602BBE1A6700929865 /* ContentView.swift in Sources */ = {isa = PBXBuildFile; fileRef = BEDA755F2BBE1A6700929865 /* ContentView.swift */; };
		BEDA75622BBE1A6900929865 /* Assets.xcassets in Resources */ = {isa = PBXBuildFile; fileRef = BEDA75612BBE1A6900929865 /* Assets.xcassets */; };
		BEDA75652BBE1A6900929865 /* Preview Assets.xcassets in Resources */ = {isa = PBXBuildFile; fileRef = BEDA75642BBE1A6900929865 /* Preview Assets.xcassets */; };
		BEDA756D2BBE1AC900929865 /* Lottie in Frameworks */ = {isa = PBXBuildFile; productRef = BEDA756C2BBE1AC900929865 /* Lottie */; };
		BEDA75712BBE1AEE00929865 /* fire.json in Resources */ = {isa = PBXBuildFile; fileRef = BEDA756F2BBE1AEE00929865 /* fire.json */; };
		BEDA75722BBE1AEE00929865 /* load.json in Resources */ = {isa = PBXBuildFile; fileRef = BEDA75702BBE1AEE00929865 /* load.json */; };
		BEDA75752BBE1B0100929865 /* SplashScreen.swift in Sources */ = {isa = PBXBuildFile; fileRef = BEDA75742BBE1B0100929865 /* SplashScreen.swift */; };
		BEDA75772BBE1B1A00929865 /* LottieView.swift in Sources */ = {isa = PBXBuildFile; fileRef = BEDA75762BBE1B1A00929865 /* LottieView.swift */; };
		BEDA757A2BBE1EFF00929865 /* Profile.swift in Sources */ = {isa = PBXBuildFile; fileRef = BEDA75792BBE1EFF00929865 /* Profile.swift */; };
		BEDA757C2BBE1F4A00929865 /* SwipeView.swift in Sources */ = {isa = PBXBuildFile; fileRef = BEDA757B2BBE1F4A00929865 /* SwipeView.swift */; };
/* End PBXBuildFile section */

/* Begin PBXFileReference section */
		BEDA755A2BBE1A6700929865 /* DateApp.app */ = {isa = PBXFileReference; explicitFileType = wrapper.application; includeInIndex = 0; path = DateApp.app; sourceTree = BUILT_PRODUCTS_DIR; };
		BEDA755D2BBE1A6700929865 /* DateAppApp.swift */ = {isa = PBXFileReference; lastKnownFileType = sourcecode.swift; path = DateAppApp.swift; sourceTree = "<group>"; };
		BEDA755F2BBE1A6700929865 /* ContentView.swift */ = {isa = PBXFileReference; lastKnownFileType = sourcecode.swift; path = ContentView.swift; sourceTree = "<group>"; };
		BEDA75612BBE1A6900929865 /* Assets.xcassets */ = {isa = PBXFileReference; lastKnownFileType = folder.assetcatalog; path = Assets.xcassets; sourceTree = "<group>"; };
		BEDA75642BBE1A6900929865 /* Preview Assets.xcassets */ = {isa = PBXFileReference; lastKnownFileType = folder.assetcatalog; path = "Preview Assets.xcassets"; sourceTree = "<group>"; };
		BEDA756F2BBE1AEE00929865 /* fire.json */ = {isa = PBXFileReference; fileEncoding = 4; lastKnownFileType = text.json; path = fire.json; sourceTree = "<group>"; };
		BEDA75702BBE1AEE00929865 /* load.json */ = {isa = PBXFileReference; fileEncoding = 4; lastKnownFileType = text.json; path = load.json; sourceTree = "<group>"; };
		BEDA75742BBE1B0100929865 /* SplashScreen.swift */ = {isa = PBXFileReference; lastKnownFileType = sourcecode.swift; path = SplashScreen.swift; sourceTree = "<group>"; };
		BEDA75762BBE1B1A00929865 /* LottieView.swift */ = {isa = PBXFileReference; lastKnownFileType = sourcecode.swift; path = LottieView.swift; sourceTree = "<group>"; };
		BEDA75792BBE1EFF00929865 /* Profile.swift */ = {isa = PBXFileReference; lastKnownFileType = sourcecode.swift; path = Profile.swift; sourceTree = "<group>"; };
		BEDA757B2BBE1F4A00929865 /* SwipeView.swift */ = {isa = PBXFileReference; lastKnownFileType = sourcecode.swift; path = SwipeView.swift; sourceTree = "<group>"; };
/* End PBXFileReference section */

/* Begin PBXFrameworksBuildPhase section */
		BEDA75572BBE1A6700929865 /* Frameworks */ = {
			isa = PBXFrameworksBuildPhase;
			buildActionMask = 2147483647;
			files = (
				BEDA756D2BBE1AC900929865 /* Lottie in Frameworks */,
			);
			runOnlyForDeploymentPostprocessing = 0;
		};
/* End PBXFrameworksBuildPhase section */

/* Begin PBXGroup section */
		BEDA75512BBE1A6700929865 = {
			isa = PBXGroup;
			children = (
				BEDA755C2BBE1A6700929865 /* DateApp */,
				BEDA755B2BBE1A6700929865 /* Products */,
			);
			sourceTree = "<group>";
		};
		BEDA755B2BBE1A6700929865 /* Products */ = {
			isa = PBXGroup;
			children = (
				BEDA755A2BBE1A6700929865 /* DateApp.app */,
			);
			name = Products;
			sourceTree = "<group>";
		};
		BEDA755C2BBE1A6700929865 /* DateApp */ = {
			isa = PBXGroup;
			children = (
				BEDA75782BBE1EF100929865 /* Model */,
				BEDA75732BBE1AF400929865 /* View */,
				BEDA756E2BBE1ACE00929865 /* Lottie */,
				BEDA755D2BBE1A6700929865 /* DateAppApp.swift */,
				BEDA755F2BBE1A6700929865 /* ContentView.swift */,
				BEDA75612BBE1A6900929865 /* Assets.xcassets */,
				BEDA75632BBE1A6900929865 /* Preview Content */,
			);
			path = DateApp;
			sourceTree = "<group>";
		};
		BEDA75632BBE1A6900929865 /* Preview Content */ = {
			isa = PBXGroup;
			children = (
				BEDA75642BBE1A6900929865 /* Preview Assets.xcassets */,
			);
			path = "Preview Content";
			sourceTree = "<group>";
		};
		BEDA756E2BBE1ACE00929865 /* Lottie */ = {
			isa = PBXGroup;
			children = (
				BEDA756F2BBE1AEE00929865 /* fire.json */,
				BEDA75702BBE1AEE00929865 /* load.json */,
			);
			path = Lottie;
			sourceTree = "<group>";
		};
		BEDA75732BBE1AF400929865 /* View */ = {
			isa = PBXGroup;
			children = (
				BEDA75742BBE1B0100929865 /* SplashScreen.swift */,
				BEDA75762BBE1B1A00929865 /* LottieView.swift */,
				BEDA757B2BBE1F4A00929865 /* SwipeView.swift */,
			);
			path = View;
			sourceTree = "<group>";
		};
		BEDA75782BBE1EF100929865 /* Model */ = {
			isa = PBXGroup;
			children = (
				BEDA75792BBE1EFF00929865 /* Profile.swift */,
			);
			path = Model;
			sourceTree = "<group>";
		};
/* End PBXGroup section */

/* Begin PBXNativeTarget section */
		BEDA75592BBE1A6700929865 /* DateApp */ = {
			isa = PBXNativeTarget;
			buildConfigurationList = BEDA75682BBE1A6900929865 /* Build configuration list for PBXNativeTarget "DateApp" */;
			buildPhases = (
				BEDA75562BBE1A6700929865 /* Sources */,
				BEDA75572BBE1A6700929865 /* Frameworks */,
				BEDA75582BBE1A6700929865 /* Resources */,
			);
			buildRules = (
			);
			dependencies = (
			);
			name = DateApp;
			packageProductDependencies = (
				BEDA756C2BBE1AC900929865 /* Lottie */,
			);
			productName = DateApp;
			productReference = BEDA755A2BBE1A6700929865 /* DateApp.app */;
			productType = "com.apple.product-type.application";
		};
/* End PBXNativeTarget section */

/* Begin PBXProject section */
		BEDA75522BBE1A6700929865 /* Project object */ = {
			isa = PBXProject;
			attributes = {
				BuildIndependentTargetsInParallel = 1;
				LastSwiftUpdateCheck = 1530;
				LastUpgradeCheck = 1530;
				TargetAttributes = {
					BEDA75592BBE1A6700929865 = {
						CreatedOnToolsVersion = 15.3;
					};
				};
			};
			buildConfigurationList = BEDA75552BBE1A6700929865 /* Build configuration list for PBXProject "DateApp" */;
			compatibilityVersion = "Xcode 14.0";
			developmentRegion = en;
			hasScannedForEncodings = 0;
			knownRegions = (
				en,
				Base,
			);
			mainGroup = BEDA75512BBE1A6700929865;
			packageReferences = (
				BEDA756B2BBE1AC900929865 /* XCRemoteSwiftPackageReference "lottie-ios" */,
			);
			productRefGroup = BEDA755B2BBE1A6700929865 /* Products */;
			projectDirPath = "";
			projectRoot = "";
			targets = (
				BEDA75592BBE1A6700929865 /* DateApp */,
			);
		};
/* End PBXProject section */

/* Begin PBXResourcesBuildPhase section */
		BEDA75582BBE1A6700929865 /* Resources */ = {
			isa = PBXResourcesBuildPhase;
			buildActionMask = 2147483647;
			files = (
				BEDA75712BBE1AEE00929865 /* fire.json in Resources */,
				BEDA75722BBE1AEE00929865 /* load.json in Resources */,
				BEDA75652BBE1A6900929865 /* Preview Assets.xcassets in Resources */,
				BEDA75622BBE1A6900929865 /* Assets.xcassets in Resources */,
			);
			runOnlyForDeploymentPostprocessing = 0;
		};
/* End PBXResourcesBuildPhase section */

/* Begin PBXSourcesBuildPhase section */
		BEDA75562BBE1A6700929865 /* Sources */ = {
			isa = PBXSourcesBuildPhase;
			buildActionMask = 2147483647;
			files = (
				BEDA75752BBE1B0100929865 /* SplashScreen.swift in Sources */,
				BEDA757A2BBE1EFF00929865 /* Profile.swift in Sources */,
				BEDA75602BBE1A6700929865 /* ContentView.swift in Sources */,
				BEDA757C2BBE1F4A00929865 /* SwipeView.swift in Sources */,
				BEDA755E2BBE1A6700929865 /* DateAppApp.swift in Sources */,
				BEDA75772BBE1B1A00929865 /* LottieView.swift in Sources */,
			);
			runOnlyForDeploymentPostprocessing = 0;
		};
/* End PBXSourcesBuildPhase section */

/* Begin XCBuildConfiguration section */
		BEDA75662BBE1A6900929865 /* Debug */ = {
			isa = XCBuildConfiguration;
			buildSettings = {
				ALWAYS_SEARCH_USER_PATHS = NO;
				ASSETCATALOG_COMPILER_GENERATE_SWIFT_ASSET_SYMBOL_EXTENSIONS = YES;
				CLANG_ANALYZER_NONNULL = YES;
				CLANG_ANALYZER_NUMBER_OBJECT_CONVERSION = YES_AGGRESSIVE;
				CLANG_CXX_LANGUAGE_STANDARD = "gnu++20";
				CLANG_ENABLE_MODULES = YES;
				CLANG_ENABLE_OBJC_ARC = YES;
				CLANG_ENABLE_OBJC_WEAK = YES;
				CLANG_WARN_BLOCK_CAPTURE_AUTORELEASING = YES;
				CLANG_WARN_BOOL_CONVERSION = YES;
				CLANG_WARN_COMMA = YES;
				CLANG_WARN_CONSTANT_CONVERSION = YES;
				CLANG_WARN_DEPRECATED_OBJC_IMPLEMENTATIONS = YES;
				CLANG_WARN_DIRECT_OBJC_ISA_USAGE = YES_ERROR;
				CLANG_WARN_DOCUMENTATION_COMMENTS = YES;
				CLANG_WARN_EMPTY_BODY = YES;
				CLANG_WARN_ENUM_CONVERSION = YES;
				CLANG_WARN_INFINITE_RECURSION = YES;
				CLANG_WARN_INT_CONVERSION = YES;
				CLANG_WARN_NON_LITERAL_NULL_CONVERSION = YES;
				CLANG_WARN_OBJC_IMPLICIT_RETAIN_SELF = YES;
				CLANG_WARN_OBJC_LITERAL_CONVERSION = YES;
				CLANG_WARN_OBJC_ROOT_CLASS = YES_ERROR;
				CLANG_WARN_QUOTED_INCLUDE_IN_FRAMEWORK_HEADER = YES;
				CLANG_WARN_RANGE_LOOP_ANALYSIS = YES;
				CLANG_WARN_STRICT_PROTOTYPES = YES;
				CLANG_WARN_SUSPICIOUS_MOVE = YES;
				CLANG_WARN_UNGUARDED_AVAILABILITY = YES_AGGRESSIVE;
				CLANG_WARN_UNREACHABLE_CODE = YES;
				CLANG_WARN__DUPLICATE_METHOD_MATCH = YES;
				COPY_PHASE_STRIP = NO;
				DEBUG_INFORMATION_FORMAT = dwarf;
				ENABLE_STRICT_OBJC_MSGSEND = YES;
				ENABLE_TESTABILITY = YES;
				ENABLE_USER_SCRIPT_SANDBOXING = YES;
				GCC_C_LANGUAGE_STANDARD = gnu17;
				GCC_DYNAMIC_NO_PIC = NO;
				GCC_NO_COMMON_BLOCKS = YES;
				GCC_OPTIMIZATION_LEVEL = 0;
				GCC_PREPROCESSOR_DEFINITIONS = (
					"DEBUG=1",
					"$(inherited)",
				);
				GCC_WARN_64_TO_32_BIT_CONVERSION = YES;
				GCC_WARN_ABOUT_RETURN_TYPE = YES_ERROR;
				GCC_WARN_UNDECLARED_SELECTOR = YES;
				GCC_WARN_UNINITIALIZED_AUTOS = YES_AGGRESSIVE;
				GCC_WARN_UNUSED_FUNCTION = YES;
				GCC_WARN_UNUSED_VARIABLE = YES;
				IPHONEOS_DEPLOYMENT_TARGET = 17.4;
				LOCALIZATION_PREFERS_STRING_CATALOGS = YES;
				MTL_ENABLE_DEBUG_INFO = INCLUDE_SOURCE;
				MTL_FAST_MATH = YES;
				ONLY_ACTIVE_ARCH = YES;
				SDKROOT = iphoneos;
				SWIFT_ACTIVE_COMPILATION_CONDITIONS = "DEBUG $(inherited)";
				SWIFT_OPTIMIZATION_LEVEL = "-Onone";
			};
			name = Debug;
		};
		BEDA75672BBE1A6900929865 /* Release */ = {
			isa = XCBuildConfiguration;
			buildSettings = {
				ALWAYS_SEARCH_USER_PATHS = NO;
				ASSETCATALOG_COMPILER_GENERATE_SWIFT_ASSET_SYMBOL_EXTENSIONS = YES;
				CLANG_ANALYZER_NONNULL = YES;
				CLANG_ANALYZER_NUMBER_OBJECT_CONVERSION = YES_AGGRESSIVE;
				CLANG_CXX_LANGUAGE_STANDARD = "gnu++20";
				CLANG_ENABLE_MODULES = YES;
				CLANG_ENABLE_OBJC_ARC = YES;
				CLANG_ENABLE_OBJC_WEAK = YES;
				CLANG_WARN_BLOCK_CAPTURE_AUTORELEASING = YES;
				CLANG_WARN_BOOL_CONVERSION = YES;
				CLANG_WARN_COMMA = YES;
				CLANG_WARN_CONSTANT_CONVERSION = YES;
				CLANG_WARN_DEPRECATED_OBJC_IMPLEMENTATIONS = YES;
				CLANG_WARN_DIRECT_OBJC_ISA_USAGE = YES_ERROR;
				CLANG_WARN_DOCUMENTATION_COMMENTS = YES;
				CLANG_WARN_EMPTY_BODY = YES;
				CLANG_WARN_ENUM_CONVERSION = YES;
				CLANG_WARN_INFINITE_RECURSION = YES;
				CLANG_WARN_INT_CONVERSION = YES;
				CLANG_WARN_NON_LITERAL_NULL_CONVERSION = YES;
				CLANG_WARN_OBJC_IMPLICIT_RETAIN_SELF = YES;
				CLANG_WARN_OBJC_LITERAL_CONVERSION = YES;
				CLANG_WARN_OBJC_ROOT_CLASS = YES_ERROR;
				CLANG_WARN_QUOTED_INCLUDE_IN_FRAMEWORK_HEADER = YES;
				CLANG_WARN_RANGE_LOOP_ANALYSIS = YES;
				CLANG_WARN_STRICT_PROTOTYPES = YES;
				CLANG_WARN_SUSPICIOUS_MOVE = YES;
				CLANG_WARN_UNGUARDED_AVAILABILITY = YES_AGGRESSIVE;
				CLANG_WARN_UNREACHABLE_CODE = YES;
				CLANG_WARN__DUPLICATE_METHOD_MATCH = YES;
				COPY_PHASE_STRIP = NO;
				DEBUG_INFORMATION_FORMAT = "dwarf-with-dsym";
				ENABLE_NS_ASSERTIONS = NO;
				ENABLE_STRICT_OBJC_MSGSEND = YES;
				ENABLE_USER_SCRIPT_SANDBOXING = YES;
				GCC_C_LANGUAGE_STANDARD = gnu17;
				GCC_NO_COMMON_BLOCKS = YES;
				GCC_WARN_64_TO_32_BIT_CONVERSION = YES;
				GCC_WARN_ABOUT_RETURN_TYPE = YES_ERROR;
				GCC_WARN_UNDECLARED_SELECTOR = YES;
				GCC_WARN_UNINITIALIZED_AUTOS = YES_AGGRESSIVE;
				GCC_WARN_UNUSED_FUNCTION = YES;
				GCC_WARN_UNUSED_VARIABLE = YES;
				IPHONEOS_DEPLOYMENT_TARGET = 17.4;
				LOCALIZATION_PREFERS_STRING_CATALOGS = YES;
				MTL_ENABLE_DEBUG_INFO = NO;
				MTL_FAST_MATH = YES;
				SDKROOT = iphoneos;
				SWIFT_COMPILATION_MODE = wholemodule;
				VALIDATE_PRODUCT = YES;
			};
			name = Release;
		};
		BEDA75692BBE1A6900929865 /* Debug */ = {
			isa = XCBuildConfiguration;
			buildSettings = {
				ASSETCATALOG_COMPILER_APPICON_NAME = AppIcon;
				ASSETCATALOG_COMPILER_GLOBAL_ACCENT_COLOR_NAME = AccentColor;
				CODE_SIGN_STYLE = Automatic;
				CURRENT_PROJECT_VERSION = 1;
				DEVELOPMENT_ASSET_PATHS = "\"DateApp/Preview Content\"";
				DEVELOPMENT_TEAM = D6LZWF2S6D;
				ENABLE_PREVIEWS = YES;
				GENERATE_INFOPLIST_FILE = YES;
				INFOPLIST_KEY_UIApplicationSceneManifest_Generation = YES;
				INFOPLIST_KEY_UIApplicationSupportsIndirectInputEvents = YES;
				INFOPLIST_KEY_UILaunchScreen_Generation = YES;
				INFOPLIST_KEY_UISupportedInterfaceOrientations_iPad = "UIInterfaceOrientationPortrait UIInterfaceOrientationPortraitUpsideDown UIInterfaceOrientationLandscapeLeft UIInterfaceOrientationLandscapeRight";
				INFOPLIST_KEY_UISupportedInterfaceOrientations_iPhone = "UIInterfaceOrientationPortrait UIInterfaceOrientationLandscapeLeft UIInterfaceOrientationLandscapeRight";
				LD_RUNPATH_SEARCH_PATHS = (
					"$(inherited)",
					"@executable_path/Frameworks",
				);
				MARKETING_VERSION = 1.0;
				PRODUCT_BUNDLE_IDENTIFIER = pouyasari.DateApp;
				PRODUCT_NAME = "$(TARGET_NAME)";
				SWIFT_EMIT_LOC_STRINGS = YES;
				SWIFT_VERSION = 5.0;
				TARGETED_DEVICE_FAMILY = "1,2";
			};
			name = Debug;
		};
		BEDA756A2BBE1A6900929865 /* Release */ = {
			isa = XCBuildConfiguration;
			buildSettings = {
				ASSETCATALOG_COMPILER_APPICON_NAME = AppIcon;
				ASSETCATALOG_COMPILER_GLOBAL_ACCENT_COLOR_NAME = AccentColor;
				CODE_SIGN_STYLE = Automatic;
				CURRENT_PROJECT_VERSION = 1;
				DEVELOPMENT_ASSET_PATHS = "\"DateApp/Preview Content\"";
				DEVELOPMENT_TEAM = D6LZWF2S6D;
				ENABLE_PREVIEWS = YES;
				GENERATE_INFOPLIST_FILE = YES;
				INFOPLIST_KEY_UIApplicationSceneManifest_Generation = YES;
				INFOPLIST_KEY_UIApplicationSupportsIndirectInputEvents = YES;
				INFOPLIST_KEY_UILaunchScreen_Generation = YES;
				INFOPLIST_KEY_UISupportedInterfaceOrientations_iPad = "UIInterfaceOrientationPortrait UIInterfaceOrientationPortraitUpsideDown UIInterfaceOrientationLandscapeLeft UIInterfaceOrientationLandscapeRight";
				INFOPLIST_KEY_UISupportedInterfaceOrientations_iPhone = "UIInterfaceOrientationPortrait UIInterfaceOrientationLandscapeLeft UIInterfaceOrientationLandscapeRight";
				LD_RUNPATH_SEARCH_PATHS = (
					"$(inherited)",
					"@executable_path/Frameworks",
				);
				MARKETING_VERSION = 1.0;
				PRODUCT_BUNDLE_IDENTIFIER = pouyasari.DateApp;
				PRODUCT_NAME = "$(TARGET_NAME)";
				SWIFT_EMIT_LOC_STRINGS = YES;
				SWIFT_VERSION = 5.0;
				TARGETED_DEVICE_FAMILY = "1,2";
			};
			name = Release;
		};
/* End XCBuildConfiguration section */

/* Begin XCConfigurationList section */
		BEDA75552BBE1A6700929865 /* Build configuration list for PBXProject "DateApp" */ = {
			isa = XCConfigurationList;
			buildConfigurations = (
				BEDA75662BBE1A6900929865 /* Debug */,
				BEDA75672BBE1A6900929865 /* Release */,
			);
			defaultConfigurationIsVisible = 0;
			defaultConfigurationName = Release;
		};
		BEDA75682BBE1A6900929865 /* Build configuration list for PBXNativeTarget "DateApp" */ = {
			isa = XCConfigurationList;
			buildConfigurations = (
				BEDA75692BBE1A6900929865 /* Debug */,
				BEDA756A2BBE1A6900929865 /* Release */,
			);
			defaultConfigurationIsVisible = 0;
			defaultConfigurationName = Release;
		};
/* End XCConfigurationList section */

/* Begin XCRemoteSwiftPackageReference section */
		BEDA756B2BBE1AC900929865 /* XCRemoteSwiftPackageReference "lottie-ios" */ = {
			isa = XCRemoteSwiftPackageReference;
			repositoryURL = "https://github.com/airbnb/lottie-ios/";
			requirement = {
				kind = upToNextMajorVersion;
				minimumVersion = 4.4.1;
			};
		};
/* End XCRemoteSwiftPackageReference section */

/* Begin XCSwiftPackageProductDependency section */
		BEDA756C2BBE1AC900929865 /* Lottie */ = {
			isa = XCSwiftPackageProductDependency;
			package = BEDA756B2BBE1AC900929865 /* XCRemoteSwiftPackageReference "lottie-ios" */;
			productName = Lottie;
		};
/* End XCSwiftPackageProductDependency section */
	};
	rootObject = BEDA75522BBE1A6700929865 /* Project object */;
}
